// !$*UTF8*$!
{
	archiveVersion = 1;
	classes = {
	};
	objectVersion = 50;
	objects = {

/* Begin PBXBuildFile section */
		61F8082D22724574005A7F25 /* AppDelegate.swift in Sources */ = {isa = PBXBuildFile; fileRef = 61F8082C22724574005A7F25 /* AppDelegate.swift */; };
		61F8083422724574005A7F25 /* Main.storyboard in Resources */ = {isa = PBXBuildFile; fileRef = 61F8083222724574005A7F25 /* Main.storyboard */; };
		61F8083622724575005A7F25 /* Assets.xcassets in Resources */ = {isa = PBXBuildFile; fileRef = 61F8083522724575005A7F25 /* Assets.xcassets */; };
		61F8083922724575005A7F25 /* LaunchScreen.storyboard in Resources */ = {isa = PBXBuildFile; fileRef = 61F8083722724575005A7F25 /* LaunchScreen.storyboard */; };
		61F8084322724B27005A7F25 /* WallViewController.swift in Sources */ = {isa = PBXBuildFile; fileRef = 61F8084222724B27005A7F25 /* WallViewController.swift */; };
		61F8084522724B33005A7F25 /* MenuViewController.swift in Sources */ = {isa = PBXBuildFile; fileRef = 61F8084422724B33005A7F25 /* MenuViewController.swift */; };
		61F8084722724B42005A7F25 /* CourseViewController.swift in Sources */ = {isa = PBXBuildFile; fileRef = 61F8084622724B42005A7F25 /* CourseViewController.swift */; };
		61F8084922724B50005A7F25 /* InformationViewController.swift in Sources */ = {isa = PBXBuildFile; fileRef = 61F8084822724B50005A7F25 /* InformationViewController.swift */; };
		61F8084B22724D31005A7F25 /* Course.swift in Sources */ = {isa = PBXBuildFile; fileRef = 61F8084A22724D31005A7F25 /* Course.swift */; };
		61F8084D22739055005A7F25 /* Menu.swift in Sources */ = {isa = PBXBuildFile; fileRef = 61F8084C22739055005A7F25 /* Menu.swift */; };
		61F8085022739155005A7F25 /* API.swift in Sources */ = {isa = PBXBuildFile; fileRef = 61F8084F22739155005A7F25 /* API.swift */; };
		61F8085222739ED7005A7F25 /* Image.swift in Sources */ = {isa = PBXBuildFile; fileRef = 61F8085122739ED7005A7F25 /* Image.swift */; };
		61F808542273A220005A7F25 /* Category.swift in Sources */ = {isa = PBXBuildFile; fileRef = 61F808532273A220005A7F25 /* Category.swift */; };
		61F80856227772D0005A7F25 /* PostViewController.swift in Sources */ = {isa = PBXBuildFile; fileRef = 61F80855227772D0005A7F25 /* PostViewController.swift */; };
		B6F12B182275237D00600648 /* CustomUI.swift in Sources */ = {isa = PBXBuildFile; fileRef = B6F12B172275237D00600648 /* CustomUI.swift */; };
		B6F12B1A227537CE00600648 /* CourseDetailViewController.swift in Sources */ = {isa = PBXBuildFile; fileRef = B6F12B19227537CE00600648 /* CourseDetailViewController.swift */; };
		B6F12B1C2275483F00600648 /* Spinner.swift in Sources */ = {isa = PBXBuildFile; fileRef = B6F12B1B2275483F00600648 /* Spinner.swift */; };
/* End PBXBuildFile section */

/* Begin PBXFileReference section */
		61F8082922724574005A7F25 /* IFCEApp.app */ = {isa = PBXFileReference; explicitFileType = wrapper.application; includeInIndex = 0; path = IFCEApp.app; sourceTree = BUILT_PRODUCTS_DIR; };
		61F8082C22724574005A7F25 /* AppDelegate.swift */ = {isa = PBXFileReference; lastKnownFileType = sourcecode.swift; path = AppDelegate.swift; sourceTree = "<group>"; };
		61F8083322724574005A7F25 /* Base */ = {isa = PBXFileReference; lastKnownFileType = file.storyboard; name = Base; path = Base.lproj/Main.storyboard; sourceTree = "<group>"; };
		61F8083522724575005A7F25 /* Assets.xcassets */ = {isa = PBXFileReference; lastKnownFileType = folder.assetcatalog; path = Assets.xcassets; sourceTree = "<group>"; };
		61F8083822724575005A7F25 /* Base */ = {isa = PBXFileReference; lastKnownFileType = file.storyboard; name = Base; path = Base.lproj/LaunchScreen.storyboard; sourceTree = "<group>"; };
		61F8083A22724575005A7F25 /* Info.plist */ = {isa = PBXFileReference; lastKnownFileType = text.plist.xml; path = Info.plist; sourceTree = "<group>"; };
		61F8084222724B27005A7F25 /* WallViewController.swift */ = {isa = PBXFileReference; lastKnownFileType = sourcecode.swift; path = WallViewController.swift; sourceTree = "<group>"; };
		61F8084422724B33005A7F25 /* MenuViewController.swift */ = {isa = PBXFileReference; lastKnownFileType = sourcecode.swift; path = MenuViewController.swift; sourceTree = "<group>"; };
		61F8084622724B42005A7F25 /* CourseViewController.swift */ = {isa = PBXFileReference; lastKnownFileType = sourcecode.swift; path = CourseViewController.swift; sourceTree = "<group>"; };
		61F8084822724B50005A7F25 /* InformationViewController.swift */ = {isa = PBXFileReference; lastKnownFileType = sourcecode.swift; path = InformationViewController.swift; sourceTree = "<group>"; };
		61F8084A22724D31005A7F25 /* Course.swift */ = {isa = PBXFileReference; lastKnownFileType = sourcecode.swift; path = Course.swift; sourceTree = "<group>"; };
		61F8084C22739055005A7F25 /* Menu.swift */ = {isa = PBXFileReference; lastKnownFileType = sourcecode.swift; path = Menu.swift; sourceTree = "<group>"; };
		61F8084F22739155005A7F25 /* API.swift */ = {isa = PBXFileReference; lastKnownFileType = sourcecode.swift; path = API.swift; sourceTree = "<group>"; };
		61F8085122739ED7005A7F25 /* Image.swift */ = {isa = PBXFileReference; lastKnownFileType = sourcecode.swift; path = Image.swift; sourceTree = "<group>"; };
		61F808532273A220005A7F25 /* Category.swift */ = {isa = PBXFileReference; lastKnownFileType = sourcecode.swift; path = Category.swift; sourceTree = "<group>"; };
		61F80855227772D0005A7F25 /* PostViewController.swift */ = {isa = PBXFileReference; lastKnownFileType = sourcecode.swift; path = PostViewController.swift; sourceTree = "<group>"; };
		B6F12B172275237D00600648 /* CustomUI.swift */ = {isa = PBXFileReference; lastKnownFileType = sourcecode.swift; path = CustomUI.swift; sourceTree = "<group>"; };
		B6F12B19227537CE00600648 /* CourseDetailViewController.swift */ = {isa = PBXFileReference; lastKnownFileType = sourcecode.swift; path = CourseDetailViewController.swift; sourceTree = "<group>"; };
		B6F12B1B2275483F00600648 /* Spinner.swift */ = {isa = PBXFileReference; lastKnownFileType = sourcecode.swift; path = Spinner.swift; sourceTree = "<group>"; };
/* End PBXFileReference section */

/* Begin PBXFrameworksBuildPhase section */
		61F8082622724574005A7F25 /* Frameworks */ = {
			isa = PBXFrameworksBuildPhase;
			buildActionMask = 2147483647;
			files = (
			);
			runOnlyForDeploymentPostprocessing = 0;
		};
/* End PBXFrameworksBuildPhase section */

/* Begin PBXGroup section */
		61F8082022724574005A7F25 = {
			isa = PBXGroup;
			children = (
				61F8082B22724574005A7F25 /* IFCEApp */,
				61F8082A22724574005A7F25 /* Products */,
			);
			sourceTree = "<group>";
		};
		61F8082A22724574005A7F25 /* Products */ = {
			isa = PBXGroup;
			children = (
				61F8082922724574005A7F25 /* IFCEApp.app */,
			);
			name = Products;
			sourceTree = "<group>";
		};
		61F8082B22724574005A7F25 /* IFCEApp */ = {
			isa = PBXGroup;
			children = (
				B6F12B162275236A00600648 /* Utils */,
				61F8084E2273914A005A7F25 /* Services */,
				61F8084122724B16005A7F25 /* Controllers */,
				61F8084022724B10005A7F25 /* Models */,
				61F8082C22724574005A7F25 /* AppDelegate.swift */,
				61F8083222724574005A7F25 /* Main.storyboard */,
				61F8083522724575005A7F25 /* Assets.xcassets */,
				61F8083722724575005A7F25 /* LaunchScreen.storyboard */,
				61F8083A22724575005A7F25 /* Info.plist */,
			);
			path = IFCEApp;
			sourceTree = "<group>";
		};
		61F8084022724B10005A7F25 /* Models */ = {
			isa = PBXGroup;
			children = (
				61F8084A22724D31005A7F25 /* Course.swift */,
				61F8084C22739055005A7F25 /* Menu.swift */,
				61F8085122739ED7005A7F25 /* Image.swift */,
				61F808532273A220005A7F25 /* Category.swift */,
			);
			path = Models;
			sourceTree = "<group>";
		};
		61F8084122724B16005A7F25 /* Controllers */ = {
			isa = PBXGroup;
			children = (
				61F8084222724B27005A7F25 /* WallViewController.swift */,
				61F8084422724B33005A7F25 /* MenuViewController.swift */,
				61F8084622724B42005A7F25 /* CourseViewController.swift */,
				61F8084822724B50005A7F25 /* InformationViewController.swift */,
				B6F12B19227537CE00600648 /* CourseDetailViewController.swift */,
				61F80855227772D0005A7F25 /* PostViewController.swift */,
			);
			path = Controllers;
			sourceTree = "<group>";
		};
		61F8084E2273914A005A7F25 /* Services */ = {
			isa = PBXGroup;
			children = (
				61F8084F22739155005A7F25 /* API.swift */,
			);
			path = Services;
			sourceTree = "<group>";
		};
		B6F12B162275236A00600648 /* Utils */ = {
			isa = PBXGroup;
			children = (
				B6F12B172275237D00600648 /* CustomUI.swift */,
				B6F12B1B2275483F00600648 /* Spinner.swift */,
			);
			path = Utils;
			sourceTree = "<group>";
		};
/* End PBXGroup section */

/* Begin PBXNativeTarget section */
		61F8082822724574005A7F25 /* IFCEApp */ = {
			isa = PBXNativeTarget;
			buildConfigurationList = 61F8083D22724575005A7F25 /* Build configuration list for PBXNativeTarget "IFCEApp" */;
			buildPhases = (
				61F8082522724574005A7F25 /* Sources */,
				61F8082622724574005A7F25 /* Frameworks */,
				61F8082722724574005A7F25 /* Resources */,
			);
			buildRules = (
			);
			dependencies = (
			);
			name = IFCEApp;
			productName = IFCEApp;
			productReference = 61F8082922724574005A7F25 /* IFCEApp.app */;
			productType = "com.apple.product-type.application";
		};
/* End PBXNativeTarget section */

/* Begin PBXProject section */
		61F8082122724574005A7F25 /* Project object */ = {
			isa = PBXProject;
			attributes = {
				LastSwiftUpdateCheck = 1020;
				LastUpgradeCheck = 1020;
				ORGANIZATIONNAME = "William Nicolau Brasil Araújo";
				TargetAttributes = {
					61F8082822724574005A7F25 = {
						CreatedOnToolsVersion = 10.2.1;
					};
				};
			};
			buildConfigurationList = 61F8082422724574005A7F25 /* Build configuration list for PBXProject "IFCEApp" */;
			compatibilityVersion = "Xcode 9.3";
			developmentRegion = en;
			hasScannedForEncodings = 0;
			knownRegions = (
				en,
				Base,
			);
			mainGroup = 61F8082022724574005A7F25;
			productRefGroup = 61F8082A22724574005A7F25 /* Products */;
			projectDirPath = "";
			projectRoot = "";
			targets = (
				61F8082822724574005A7F25 /* IFCEApp */,
			);
		};
/* End PBXProject section */

/* Begin PBXResourcesBuildPhase section */
		61F8082722724574005A7F25 /* Resources */ = {
			isa = PBXResourcesBuildPhase;
			buildActionMask = 2147483647;
			files = (
				61F8083922724575005A7F25 /* LaunchScreen.storyboard in Resources */,
				61F8083622724575005A7F25 /* Assets.xcassets in Resources */,
				61F8083422724574005A7F25 /* Main.storyboard in Resources */,
			);
			runOnlyForDeploymentPostprocessing = 0;
		};
/* End PBXResourcesBuildPhase section */

/* Begin PBXSourcesBuildPhase section */
		61F8082522724574005A7F25 /* Sources */ = {
			isa = PBXSourcesBuildPhase;
			buildActionMask = 2147483647;
			files = (
				61F8084B22724D31005A7F25 /* Course.swift in Sources */,
				61F808542273A220005A7F25 /* Category.swift in Sources */,
				61F80856227772D0005A7F25 /* PostViewController.swift in Sources */,
				61F8085222739ED7005A7F25 /* Image.swift in Sources */,
				B6F12B182275237D00600648 /* CustomUI.swift in Sources */,
				B6F12B1C2275483F00600648 /* Spinner.swift in Sources */,
				B6F12B1A227537CE00600648 /* CourseDetailViewController.swift in Sources */,
				61F8084522724B33005A7F25 /* MenuViewController.swift in Sources */,
				61F8084D22739055005A7F25 /* Menu.swift in Sources */,
				61F8084922724B50005A7F25 /* InformationViewController.swift in Sources */,
				61F8082D22724574005A7F25 /* AppDelegate.swift in Sources */,
				61F8084322724B27005A7F25 /* WallViewController.swift in Sources */,
				61F8085022739155005A7F25 /* API.swift in Sources */,
				61F8084722724B42005A7F25 /* CourseViewController.swift in Sources */,
			);
			runOnlyForDeploymentPostprocessing = 0;
		};
/* End PBXSourcesBuildPhase section */

/* Begin PBXVariantGroup section */
		61F8083222724574005A7F25 /* Main.storyboard */ = {
			isa = PBXVariantGroup;
			children = (
				61F8083322724574005A7F25 /* Base */,
			);
			name = Main.storyboard;
			sourceTree = "<group>";
		};
		61F8083722724575005A7F25 /* LaunchScreen.storyboard */ = {
			isa = PBXVariantGroup;
			children = (
				61F8083822724575005A7F25 /* Base */,
			);
			name = LaunchScreen.storyboard;
			sourceTree = "<group>";
		};
/* End PBXVariantGroup section */

/* Begin XCBuildConfiguration section */
		61F8083B22724575005A7F25 /* Debug */ = {
			isa = XCBuildConfiguration;
			buildSettings = {
				ALWAYS_SEARCH_USER_PATHS = NO;
				CLANG_ANALYZER_NONNULL = YES;
				CLANG_ANALYZER_NUMBER_OBJECT_CONVERSION = YES_AGGRESSIVE;
				CLANG_CXX_LANGUAGE_STANDARD = "gnu++14";
				CLANG_CXX_LIBRARY = "libc++";
				CLANG_ENABLE_MODULES = YES;
				CLANG_ENABLE_OBJC_ARC = YES;
				CLANG_ENABLE_OBJC_WEAK = YES;
				CLANG_WARN_BLOCK_CAPTURE_AUTORELEASING = YES;
				CLANG_WARN_BOOL_CONVERSION = YES;
				CLANG_WARN_COMMA = YES;
				CLANG_WARN_CONSTANT_CONVERSION = YES;
				CLANG_WARN_DEPRECATED_OBJC_IMPLEMENTATIONS = YES;
				CLANG_WARN_DIRECT_OBJC_ISA_USAGE = YES_ERROR;
				CLANG_WARN_DOCUMENTATION_COMMENTS = YES;
				CLANG_WARN_EMPTY_BODY = YES;
				CLANG_WARN_ENUM_CONVERSION = YES;
				CLANG_WARN_INFINITE_RECURSION = YES;
				CLANG_WARN_INT_CONVERSION = YES;
				CLANG_WARN_NON_LITERAL_NULL_CONVERSION = YES;
				CLANG_WARN_OBJC_IMPLICIT_RETAIN_SELF = YES;
				CLANG_WARN_OBJC_LITERAL_CONVERSION = YES;
				CLANG_WARN_OBJC_ROOT_CLASS = YES_ERROR;
				CLANG_WARN_RANGE_LOOP_ANALYSIS = YES;
				CLANG_WARN_STRICT_PROTOTYPES = YES;
				CLANG_WARN_SUSPICIOUS_MOVE = YES;
				CLANG_WARN_UNGUARDED_AVAILABILITY = YES_AGGRESSIVE;
				CLANG_WARN_UNREACHABLE_CODE = YES;
				CLANG_WARN__DUPLICATE_METHOD_MATCH = YES;
				CODE_SIGN_IDENTITY = "iPhone Developer";
				COPY_PHASE_STRIP = NO;
				DEBUG_INFORMATION_FORMAT = dwarf;
				ENABLE_STRICT_OBJC_MSGSEND = YES;
				ENABLE_TESTABILITY = YES;
				GCC_C_LANGUAGE_STANDARD = gnu11;
				GCC_DYNAMIC_NO_PIC = NO;
				GCC_NO_COMMON_BLOCKS = YES;
				GCC_OPTIMIZATION_LEVEL = 0;
				GCC_PREPROCESSOR_DEFINITIONS = (
					"DEBUG=1",
					"$(inherited)",
				);
				GCC_WARN_64_TO_32_BIT_CONVERSION = YES;
				GCC_WARN_ABOUT_RETURN_TYPE = YES_ERROR;
				GCC_WARN_UNDECLARED_SELECTOR = YES;
				GCC_WARN_UNINITIALIZED_AUTOS = YES_AGGRESSIVE;
				GCC_WARN_UNUSED_FUNCTION = YES;
				GCC_WARN_UNUSED_VARIABLE = YES;
				IPHONEOS_DEPLOYMENT_TARGET = 12.2;
				MTL_ENABLE_DEBUG_INFO = INCLUDE_SOURCE;
				MTL_FAST_MATH = YES;
				ONLY_ACTIVE_ARCH = YES;
				SDKROOT = iphoneos;
				SWIFT_ACTIVE_COMPILATION_CONDITIONS = DEBUG;
				SWIFT_OPTIMIZATION_LEVEL = "-Onone";
			};
			name = Debug;
		};
		61F8083C22724575005A7F25 /* Release */ = {
			isa = XCBuildConfiguration;
			buildSettings = {
				ALWAYS_SEARCH_USER_PATHS = NO;
				CLANG_ANALYZER_NONNULL = YES;
				CLANG_ANALYZER_NUMBER_OBJECT_CONVERSION = YES_AGGRESSIVE;
				CLANG_CXX_LANGUAGE_STANDARD = "gnu++14";
				CLANG_CXX_LIBRARY = "libc++";
				CLANG_ENABLE_MODULES = YES;
				CLANG_ENABLE_OBJC_ARC = YES;
				CLANG_ENABLE_OBJC_WEAK = YES;
				CLANG_WARN_BLOCK_CAPTURE_AUTORELEASING = YES;
				CLANG_WARN_BOOL_CONVERSION = YES;
				CLANG_WARN_COMMA = YES;
				CLANG_WARN_CONSTANT_CONVERSION = YES;
				CLANG_WARN_DEPRECATED_OBJC_IMPLEMENTATIONS = YES;
				CLANG_WARN_DIRECT_OBJC_ISA_USAGE = YES_ERROR;
				CLANG_WARN_DOCUMENTATION_COMMENTS = YES;
				CLANG_WARN_EMPTY_BODY = YES;
				CLANG_WARN_ENUM_CONVERSION = YES;
				CLANG_WARN_INFINITE_RECURSION = YES;
				CLANG_WARN_INT_CONVERSION = YES;
				CLANG_WARN_NON_LITERAL_NULL_CONVERSION = YES;
				CLANG_WARN_OBJC_IMPLICIT_RETAIN_SELF = YES;
				CLANG_WARN_OBJC_LITERAL_CONVERSION = YES;
				CLANG_WARN_OBJC_ROOT_CLASS = YES_ERROR;
				CLANG_WARN_RANGE_LOOP_ANALYSIS = YES;
				CLANG_WARN_STRICT_PROTOTYPES = YES;
				CLANG_WARN_SUSPICIOUS_MOVE = YES;
				CLANG_WARN_UNGUARDED_AVAILABILITY = YES_AGGRESSIVE;
				CLANG_WARN_UNREACHABLE_CODE = YES;
				CLANG_WARN__DUPLICATE_METHOD_MATCH = YES;
				CODE_SIGN_IDENTITY = "iPhone Developer";
				COPY_PHASE_STRIP = NO;
				DEBUG_INFORMATION_FORMAT = "dwarf-with-dsym";
				ENABLE_NS_ASSERTIONS = NO;
				ENABLE_STRICT_OBJC_MSGSEND = YES;
				GCC_C_LANGUAGE_STANDARD = gnu11;
				GCC_NO_COMMON_BLOCKS = YES;
				GCC_WARN_64_TO_32_BIT_CONVERSION = YES;
				GCC_WARN_ABOUT_RETURN_TYPE = YES_ERROR;
				GCC_WARN_UNDECLARED_SELECTOR = YES;
				GCC_WARN_UNINITIALIZED_AUTOS = YES_AGGRESSIVE;
				GCC_WARN_UNUSED_FUNCTION = YES;
				GCC_WARN_UNUSED_VARIABLE = YES;
				IPHONEOS_DEPLOYMENT_TARGET = 12.2;
				MTL_ENABLE_DEBUG_INFO = NO;
				MTL_FAST_MATH = YES;
				SDKROOT = iphoneos;
				SWIFT_COMPILATION_MODE = wholemodule;
				SWIFT_OPTIMIZATION_LEVEL = "-O";
				VALIDATE_PRODUCT = YES;
			};
			name = Release;
		};
		61F8083E22724575005A7F25 /* Debug */ = {
			isa = XCBuildConfiguration;
			buildSettings = {
				ASSETCATALOG_COMPILER_APPICON_NAME = AppIcon;
				CODE_SIGN_STYLE = Automatic;
				DEVELOPMENT_TEAM = 9RFP65NF8X;
				INFOPLIST_FILE = IFCEApp/Info.plist;
				LD_RUNPATH_SEARCH_PATHS = (
					"$(inherited)",
					"@executable_path/Frameworks",
				);
				PRODUCT_BUNDLE_IDENTIFIER = com.nicolaubrasil.IFCEApp;
				PRODUCT_NAME = "$(TARGET_NAME)";
				SWIFT_VERSION = 5.0;
				TARGETED_DEVICE_FAMILY = "1,2";
			};
			name = Debug;
		};
		61F8083F22724575005A7F25 /* Release */ = {
			isa = XCBuildConfiguration;
			buildSettings = {
				ASSETCATALOG_COMPILER_APPICON_NAME = AppIcon;
				CODE_SIGN_STYLE = Automatic;
				DEVELOPMENT_TEAM = 9RFP65NF8X;
				INFOPLIST_FILE = IFCEApp/Info.plist;
				LD_RUNPATH_SEARCH_PATHS = (
					"$(inherited)",
					"@executable_path/Frameworks",
				);
				PRODUCT_BUNDLE_IDENTIFIER = com.nicolaubrasil.IFCEApp;
				PRODUCT_NAME = "$(TARGET_NAME)";
				SWIFT_VERSION = 5.0;
				TARGETED_DEVICE_FAMILY = "1,2";
			};
			name = Release;
		};
/* End XCBuildConfiguration section */

/* Begin XCConfigurationList section */
		61F8082422724574005A7F25 /* Build configuration list for PBXProject "IFCEApp" */ = {
			isa = XCConfigurationList;
			buildConfigurations = (
				61F8083B22724575005A7F25 /* Debug */,
				61F8083C22724575005A7F25 /* Release */,
			);
			defaultConfigurationIsVisible = 0;
			defaultConfigurationName = Release;
		};
		61F8083D22724575005A7F25 /* Build configuration list for PBXNativeTarget "IFCEApp" */ = {
			isa = XCConfigurationList;
			buildConfigurations = (
				61F8083E22724575005A7F25 /* Debug */,
				61F8083F22724575005A7F25 /* Release */,
			);
			defaultConfigurationIsVisible = 0;
			defaultConfigurationName = Release;
		};
/* End XCConfigurationList section */
	};
	rootObject = 61F8082122724574005A7F25 /* Project object */;
}
